{
  "name": "Project_Sanctuary",
  "lockfileVersion": 3,
  "requires": true,
  "packages": {
    "": {
      "dependencies": {
        "gpt-tokenizer": "^3.0.1"
      }
    },
    "node_modules/gpt-tokenizer": {
      "version": "3.0.1",
      "resolved": "https://registry.npmjs.org/gpt-tokenizer/-/gpt-tokenizer-3.0.1.tgz",
      "integrity": "sha512-5jdaspBq/w4sWw322SvQj1Fku+CN4OAfYZeeEg8U7CWtxBz+zkxZ3h0YOHD43ee+nZYZ5Ud70HRN0ANcdIj4qg==",
      "license": "MIT"
    }
  }
}
